// !$*UTF8*$!
{
	archiveVersion = 1;
	classes = {
	};
	objectVersion = 48;
	objects = {

/* Begin PBXBuildFile section */
		BF5CB9D720049E3E004FF2C1 /* VHLRiskEvaluationTopStepView.m in Sources */ = {isa = PBXBuildFile; fileRef = BF5CB9D620049E3E004FF2C1 /* VHLRiskEvaluationTopStepView.m */; };
		BF5CB9DB2004A2D2004FF2C1 /* UIView+VHLAdd.m in Sources */ = {isa = PBXBuildFile; fileRef = BF5CB9D92004A2D2004FF2C1 /* UIView+VHLAdd.m */; };
		BF77E3D82005AAF30021BB72 /* VHLRiskEvaluationQuestionView.m in Sources */ = {isa = PBXBuildFile; fileRef = BF77E3D72005AAF30021BB72 /* VHLRiskEvaluationQuestionView.m */; };
		BF77E3E02005B62E0021BB72 /* VHLNavigation.m in Sources */ = {isa = PBXBuildFile; fileRef = BF77E3DF2005B62E0021BB72 /* VHLNavigation.m */; };
		BF77E3ED2005C04E0021BB72 /* VHLRiskAnswerCell.m in Sources */ = {isa = PBXBuildFile; fileRef = BF77E3EC2005C04E0021BB72 /* VHLRiskAnswerCell.m */; };
		BF77E3F02005FD780021BB72 /* VHLRiskEvaluationResultViewController.m in Sources */ = {isa = PBXBuildFile; fileRef = BF77E3EF2005FD780021BB72 /* VHLRiskEvaluationResultViewController.m */; };
		BF77E4002005FEE40021BB72 /* risk_result_top_2@2x.png in Resources */ = {isa = PBXBuildFile; fileRef = BF77E3F22005FEE40021BB72 /* risk_result_top_2@2x.png */; };
		BF77E4012005FEE40021BB72 /* vhl_answer_selected_1@2x.png in Resources */ = {isa = PBXBuildFile; fileRef = BF77E3F32005FEE40021BB72 /* vhl_answer_selected_1@2x.png */; };
		BF77E4022005FEE40021BB72 /* vhl_answer_selected_1@3x.png in Resources */ = {isa = PBXBuildFile; fileRef = BF77E3F42005FEE40021BB72 /* vhl_answer_selected_1@3x.png */; };
		BF77E4032005FEE40021BB72 /* risk_result_top_2@3x.png in Resources */ = {isa = PBXBuildFile; fileRef = BF77E3F52005FEE40021BB72 /* risk_result_top_2@3x.png */; };
		BF77E4042005FEE40021BB72 /* risk_result_top_1@3x.png in Resources */ = {isa = PBXBuildFile; fileRef = BF77E3F62005FEE40021BB72 /* risk_result_top_1@3x.png */; };
		BF77E4052005FEE40021BB72 /* risk_start_button_bg@2x.png in Resources */ = {isa = PBXBuildFile; fileRef = BF77E3F72005FEE40021BB72 /* risk_start_button_bg@2x.png */; };
		BF77E4062005FEE40021BB72 /* vhl_answer_selected_0@2x.png in Resources */ = {isa = PBXBuildFile; fileRef = BF77E3F82005FEE40021BB72 /* vhl_answer_selected_0@2x.png */; };
		BF77E4072005FEE40021BB72 /* risk_start_top_info@2x.png in Resources */ = {isa = PBXBuildFile; fileRef = BF77E3F92005FEE40021BB72 /* risk_start_top_info@2x.png */; };
		BF77E4082005FEE40021BB72 /* risk_result_top_3@2x.png in Resources */ = {isa = PBXBuildFile; fileRef = BF77E3FA2005FEE40021BB72 /* risk_result_top_3@2x.png */; };
		BF77E4092005FEE40021BB72 /* risk_result_top_3@3x.png in Resources */ = {isa = PBXBuildFile; fileRef = BF77E3FB2005FEE40021BB72 /* risk_result_top_3@3x.png */; };
		BF77E40A2005FEE40021BB72 /* risk_start_top_info@3x.png in Resources */ = {isa = PBXBuildFile; fileRef = BF77E3FC2005FEE40021BB72 /* risk_start_top_info@3x.png */; };
		BF77E40B2005FEE40021BB72 /* vhl_answer_selected_0@3x.png in Resources */ = {isa = PBXBuildFile; fileRef = BF77E3FD2005FEE40021BB72 /* vhl_answer_selected_0@3x.png */; };
		BF77E40C2005FEE40021BB72 /* risk_start_button_bg@3x.png in Resources */ = {isa = PBXBuildFile; fileRef = BF77E3FE2005FEE40021BB72 /* risk_start_button_bg@3x.png */; };
		BF77E40D2005FEE40021BB72 /* risk_result_top_1@2x.png in Resources */ = {isa = PBXBuildFile; fileRef = BF77E3FF2005FEE40021BB72 /* risk_result_top_1@2x.png */; };
		BF82800C2003BF84003856C6 /* AppDelegate.m in Sources */ = {isa = PBXBuildFile; fileRef = BF82800B2003BF84003856C6 /* AppDelegate.m */; };
		BF82800F2003BF84003856C6 /* ViewController.m in Sources */ = {isa = PBXBuildFile; fileRef = BF82800E2003BF84003856C6 /* ViewController.m */; };
		BF8280122003BF84003856C6 /* Main.storyboard in Resources */ = {isa = PBXBuildFile; fileRef = BF8280102003BF84003856C6 /* Main.storyboard */; };
		BF8280142003BF84003856C6 /* Assets.xcassets in Resources */ = {isa = PBXBuildFile; fileRef = BF8280132003BF84003856C6 /* Assets.xcassets */; };
		BF8280172003BF84003856C6 /* LaunchScreen.storyboard in Resources */ = {isa = PBXBuildFile; fileRef = BF8280152003BF84003856C6 /* LaunchScreen.storyboard */; };
		BF82801A2003BF84003856C6 /* main.m in Sources */ = {isa = PBXBuildFile; fileRef = BF8280192003BF84003856C6 /* main.m */; };
		BF8280242003BF84003856C6 /* VHLRiskEvaluationTests.m in Sources */ = {isa = PBXBuildFile; fileRef = BF8280232003BF84003856C6 /* VHLRiskEvaluationTests.m */; };
		BF82802F2003BF84003856C6 /* VHLRiskEvaluationUITests.m in Sources */ = {isa = PBXBuildFile; fileRef = BF82802E2003BF84003856C6 /* VHLRiskEvaluationUITests.m */; };
		BF8280402003C019003856C6 /* VHLRiskEvaluationModel.m in Sources */ = {isa = PBXBuildFile; fileRef = BF82803F2003C019003856C6 /* VHLRiskEvaluationModel.m */; };
		BF8280432003C123003856C6 /* VHLRiskEvaluationViewController.m in Sources */ = {isa = PBXBuildFile; fileRef = BF8280422003C123003856C6 /* VHLRiskEvaluationViewController.m */; };
/* End PBXBuildFile section */

/* Begin PBXContainerItemProxy section */
		BF8280202003BF84003856C6 /* PBXContainerItemProxy */ = {
			isa = PBXContainerItemProxy;
			containerPortal = BF827FFF2003BF84003856C6 /* Project object */;
			proxyType = 1;
			remoteGlobalIDString = BF8280062003BF84003856C6;
			remoteInfo = VHLRiskEvaluation;
		};
		BF82802B2003BF84003856C6 /* PBXContainerItemProxy */ = {
			isa = PBXContainerItemProxy;
			containerPortal = BF827FFF2003BF84003856C6 /* Project object */;
			proxyType = 1;
			remoteGlobalIDString = BF8280062003BF84003856C6;
			remoteInfo = VHLRiskEvaluation;
		};
/* End PBXContainerItemProxy section */

/* Begin PBXFileReference section */
		BF5CB9D520049E3E004FF2C1 /* VHLRiskEvaluationTopStepView.h */ = {isa = PBXFileReference; lastKnownFileType = sourcecode.c.h; path = VHLRiskEvaluationTopStepView.h; sourceTree = "<group>"; };
		BF5CB9D620049E3E004FF2C1 /* VHLRiskEvaluationTopStepView.m */ = {isa = PBXFileReference; lastKnownFileType = sourcecode.c.objc; path = VHLRiskEvaluationTopStepView.m; sourceTree = "<group>"; };
		BF5CB9D92004A2D2004FF2C1 /* UIView+VHLAdd.m */ = {isa = PBXFileReference; fileEncoding = 4; lastKnownFileType = sourcecode.c.objc; path = "UIView+VHLAdd.m"; sourceTree = "<group>"; };
		BF5CB9DA2004A2D2004FF2C1 /* UIView+VHLAdd.h */ = {isa = PBXFileReference; fileEncoding = 4; lastKnownFileType = sourcecode.c.h; path = "UIView+VHLAdd.h"; sourceTree = "<group>"; };
		BF77E3D62005AAF30021BB72 /* VHLRiskEvaluationQuestionView.h */ = {isa = PBXFileReference; lastKnownFileType = sourcecode.c.h; path = VHLRiskEvaluationQuestionView.h; sourceTree = "<group>"; };
		BF77E3D72005AAF30021BB72 /* VHLRiskEvaluationQuestionView.m */ = {isa = PBXFileReference; lastKnownFileType = sourcecode.c.objc; path = VHLRiskEvaluationQuestionView.m; sourceTree = "<group>"; };
		BF77E3DE2005B62E0021BB72 /* VHLNavigation.h */ = {isa = PBXFileReference; fileEncoding = 4; lastKnownFileType = sourcecode.c.h; path = VHLNavigation.h; sourceTree = "<group>"; };
		BF77E3DF2005B62E0021BB72 /* VHLNavigation.m */ = {isa = PBXFileReference; fileEncoding = 4; lastKnownFileType = sourcecode.c.objc; path = VHLNavigation.m; sourceTree = "<group>"; };
		BF77E3EB2005C04E0021BB72 /* VHLRiskAnswerCell.h */ = {isa = PBXFileReference; lastKnownFileType = sourcecode.c.h; path = VHLRiskAnswerCell.h; sourceTree = "<group>"; };
		BF77E3EC2005C04E0021BB72 /* VHLRiskAnswerCell.m */ = {isa = PBXFileReference; lastKnownFileType = sourcecode.c.objc; path = VHLRiskAnswerCell.m; sourceTree = "<group>"; };
		BF77E3EE2005FD780021BB72 /* VHLRiskEvaluationResultViewController.h */ = {isa = PBXFileReference; lastKnownFileType = sourcecode.c.h; path = VHLRiskEvaluationResultViewController.h; sourceTree = "<group>"; };
		BF77E3EF2005FD780021BB72 /* VHLRiskEvaluationResultViewController.m */ = {isa = PBXFileReference; lastKnownFileType = sourcecode.c.objc; path = VHLRiskEvaluationResultViewController.m; sourceTree = "<group>"; };
		BF77E3F22005FEE40021BB72 /* risk_result_top_2@2x.png */ = {isa = PBXFileReference; lastKnownFileType = image.png; path = "risk_result_top_2@2x.png"; sourceTree = "<group>"; };
		BF77E3F32005FEE40021BB72 /* vhl_answer_selected_1@2x.png */ = {isa = PBXFileReference; lastKnownFileType = image.png; path = "vhl_answer_selected_1@2x.png"; sourceTree = "<group>"; };
		BF77E3F42005FEE40021BB72 /* vhl_answer_selected_1@3x.png */ = {isa = PBXFileReference; lastKnownFileType = image.png; path = "vhl_answer_selected_1@3x.png"; sourceTree = "<group>"; };
		BF77E3F52005FEE40021BB72 /* risk_result_top_2@3x.png */ = {isa = PBXFileReference; lastKnownFileType = image.png; path = "risk_result_top_2@3x.png"; sourceTree = "<group>"; };
		BF77E3F62005FEE40021BB72 /* risk_result_top_1@3x.png */ = {isa = PBXFileReference; lastKnownFileType = image.png; path = "risk_result_top_1@3x.png"; sourceTree = "<group>"; };
		BF77E3F72005FEE40021BB72 /* risk_start_button_bg@2x.png */ = {isa = PBXFileReference; lastKnownFileType = image.png; path = "risk_start_button_bg@2x.png"; sourceTree = "<group>"; };
		BF77E3F82005FEE40021BB72 /* vhl_answer_selected_0@2x.png */ = {isa = PBXFileReference; lastKnownFileType = image.png; path = "vhl_answer_selected_0@2x.png"; sourceTree = "<group>"; };
		BF77E3F92005FEE40021BB72 /* risk_start_top_info@2x.png */ = {isa = PBXFileReference; lastKnownFileType = image.png; path = "risk_start_top_info@2x.png"; sourceTree = "<group>"; };
		BF77E3FA2005FEE40021BB72 /* risk_result_top_3@2x.png */ = {isa = PBXFileReference; lastKnownFileType = image.png; path = "risk_result_top_3@2x.png"; sourceTree = "<group>"; };
		BF77E3FB2005FEE40021BB72 /* risk_result_top_3@3x.png */ = {isa = PBXFileReference; lastKnownFileType = image.png; path = "risk_result_top_3@3x.png"; sourceTree = "<group>"; };
		BF77E3FC2005FEE40021BB72 /* risk_start_top_info@3x.png */ = {isa = PBXFileReference; lastKnownFileType = image.png; path = "risk_start_top_info@3x.png"; sourceTree = "<group>"; };
		BF77E3FD2005FEE40021BB72 /* vhl_answer_selected_0@3x.png */ = {isa = PBXFileReference; lastKnownFileType = image.png; path = "vhl_answer_selected_0@3x.png"; sourceTree = "<group>"; };
		BF77E3FE2005FEE40021BB72 /* risk_start_button_bg@3x.png */ = {isa = PBXFileReference; lastKnownFileType = image.png; path = "risk_start_button_bg@3x.png"; sourceTree = "<group>"; };
		BF77E3FF2005FEE40021BB72 /* risk_result_top_1@2x.png */ = {isa = PBXFileReference; lastKnownFileType = image.png; path = "risk_result_top_1@2x.png"; sourceTree = "<group>"; };
		BF8280072003BF84003856C6 /* VHLRiskEvaluation.app */ = {isa = PBXFileReference; explicitFileType = wrapper.application; includeInIndex = 0; path = VHLRiskEvaluation.app; sourceTree = BUILT_PRODUCTS_DIR; };
		BF82800A2003BF84003856C6 /* AppDelegate.h */ = {isa = PBXFileReference; lastKnownFileType = sourcecode.c.h; path = AppDelegate.h; sourceTree = "<group>"; };
		BF82800B2003BF84003856C6 /* AppDelegate.m */ = {isa = PBXFileReference; lastKnownFileType = sourcecode.c.objc; path = AppDelegate.m; sourceTree = "<group>"; };
		BF82800D2003BF84003856C6 /* ViewController.h */ = {isa = PBXFileReference; lastKnownFileType = sourcecode.c.h; path = ViewController.h; sourceTree = "<group>"; };
		BF82800E2003BF84003856C6 /* ViewController.m */ = {isa = PBXFileReference; lastKnownFileType = sourcecode.c.objc; path = ViewController.m; sourceTree = "<group>"; };
		BF8280112003BF84003856C6 /* Base */ = {isa = PBXFileReference; lastKnownFileType = file.storyboard; name = Base; path = Base.lproj/Main.storyboard; sourceTree = "<group>"; };
		BF8280132003BF84003856C6 /* Assets.xcassets */ = {isa = PBXFileReference; lastKnownFileType = folder.assetcatalog; path = Assets.xcassets; sourceTree = "<group>"; };
		BF8280162003BF84003856C6 /* Base */ = {isa = PBXFileReference; lastKnownFileType = file.storyboard; name = Base; path = Base.lproj/LaunchScreen.storyboard; sourceTree = "<group>"; };
		BF8280182003BF84003856C6 /* Info.plist */ = {isa = PBXFileReference; lastKnownFileType = text.plist.xml; path = Info.plist; sourceTree = "<group>"; };
		BF8280192003BF84003856C6 /* main.m */ = {isa = PBXFileReference; lastKnownFileType = sourcecode.c.objc; path = main.m; sourceTree = "<group>"; };
		BF82801F2003BF84003856C6 /* VHLRiskEvaluationTests.xctest */ = {isa = PBXFileReference; explicitFileType = wrapper.cfbundle; includeInIndex = 0; path = VHLRiskEvaluationTests.xctest; sourceTree = BUILT_PRODUCTS_DIR; };
		BF8280232003BF84003856C6 /* VHLRiskEvaluationTests.m */ = {isa = PBXFileReference; lastKnownFileType = sourcecode.c.objc; path = VHLRiskEvaluationTests.m; sourceTree = "<group>"; };
		BF8280252003BF84003856C6 /* Info.plist */ = {isa = PBXFileReference; lastKnownFileType = text.plist.xml; path = Info.plist; sourceTree = "<group>"; };
		BF82802A2003BF84003856C6 /* VHLRiskEvaluationUITests.xctest */ = {isa = PBXFileReference; explicitFileType = wrapper.cfbundle; includeInIndex = 0; path = VHLRiskEvaluationUITests.xctest; sourceTree = BUILT_PRODUCTS_DIR; };
		BF82802E2003BF84003856C6 /* VHLRiskEvaluationUITests.m */ = {isa = PBXFileReference; lastKnownFileType = sourcecode.c.objc; path = VHLRiskEvaluationUITests.m; sourceTree = "<group>"; };
		BF8280302003BF84003856C6 /* Info.plist */ = {isa = PBXFileReference; lastKnownFileType = text.plist.xml; path = Info.plist; sourceTree = "<group>"; };
		BF82803E2003C019003856C6 /* VHLRiskEvaluationModel.h */ = {isa = PBXFileReference; lastKnownFileType = sourcecode.c.h; path = VHLRiskEvaluationModel.h; sourceTree = "<group>"; };
		BF82803F2003C019003856C6 /* VHLRiskEvaluationModel.m */ = {isa = PBXFileReference; lastKnownFileType = sourcecode.c.objc; path = VHLRiskEvaluationModel.m; sourceTree = "<group>"; };
		BF8280412003C123003856C6 /* VHLRiskEvaluationViewController.h */ = {isa = PBXFileReference; lastKnownFileType = sourcecode.c.h; path = VHLRiskEvaluationViewController.h; sourceTree = "<group>"; };
		BF8280422003C123003856C6 /* VHLRiskEvaluationViewController.m */ = {isa = PBXFileReference; lastKnownFileType = sourcecode.c.objc; path = VHLRiskEvaluationViewController.m; sourceTree = "<group>"; };
/* End PBXFileReference section */

/* Begin PBXFrameworksBuildPhase section */
		BF8280042003BF84003856C6 /* Frameworks */ = {
			isa = PBXFrameworksBuildPhase;
			buildActionMask = 2147483647;
			files = (
			);
			runOnlyForDeploymentPostprocessing = 0;
		};
		BF82801C2003BF84003856C6 /* Frameworks */ = {
			isa = PBXFrameworksBuildPhase;
			buildActionMask = 2147483647;
			files = (
			);
			runOnlyForDeploymentPostprocessing = 0;
		};
		BF8280272003BF84003856C6 /* Frameworks */ = {
			isa = PBXFrameworksBuildPhase;
			buildActionMask = 2147483647;
			files = (
			);
			runOnlyForDeploymentPostprocessing = 0;
		};
/* End PBXFrameworksBuildPhase section */

/* Begin PBXGroup section */
		BF5CB9D420049E1F004FF2C1 /* Views */ = {
			isa = PBXGroup;
			children = (
				BF5CB9D520049E3E004FF2C1 /* VHLRiskEvaluationTopStepView.h */,
				BF5CB9D620049E3E004FF2C1 /* VHLRiskEvaluationTopStepView.m */,
				BF77E3D62005AAF30021BB72 /* VHLRiskEvaluationQuestionView.h */,
				BF77E3D72005AAF30021BB72 /* VHLRiskEvaluationQuestionView.m */,
			);
			path = Views;
			sourceTree = "<group>";
		};
		BF5CB9D82004A2D2004FF2C1 /* Vender */ = {
			isa = PBXGroup;
			children = (
				BF5CB9DA2004A2D2004FF2C1 /* UIView+VHLAdd.h */,
				BF5CB9D92004A2D2004FF2C1 /* UIView+VHLAdd.m */,
			);
			path = Vender;
			sourceTree = "<group>";
		};
		BF77E3DD2005B62E0021BB72 /* VHLNavigation */ = {
			isa = PBXGroup;
			children = (
				BF77E3DE2005B62E0021BB72 /* VHLNavigation.h */,
				BF77E3DF2005B62E0021BB72 /* VHLNavigation.m */,
			);
			path = VHLNavigation;
			sourceTree = "<group>";
		};
		BF77E3EA2005C0350021BB72 /* Cells */ = {
			isa = PBXGroup;
			children = (
				BF77E3EB2005C04E0021BB72 /* VHLRiskAnswerCell.h */,
				BF77E3EC2005C04E0021BB72 /* VHLRiskAnswerCell.m */,
			);
			path = Cells;
			sourceTree = "<group>";
		};
		BF77E3F12005FEE40021BB72 /* Images */ = {
			isa = PBXGroup;
			children = (
				BF77E3F32005FEE40021BB72 /* vhl_answer_selected_1@2x.png */,
				BF77E3F42005FEE40021BB72 /* vhl_answer_selected_1@3x.png */,
				BF77E3FF2005FEE40021BB72 /* risk_result_top_1@2x.png */,
				BF77E3F62005FEE40021BB72 /* risk_result_top_1@3x.png */,
				BF77E3F22005FEE40021BB72 /* risk_result_top_2@2x.png */,
				BF77E3F52005FEE40021BB72 /* risk_result_top_2@3x.png */,
				BF77E3FA2005FEE40021BB72 /* risk_result_top_3@2x.png */,
				BF77E3FB2005FEE40021BB72 /* risk_result_top_3@3x.png */,
				BF77E3F72005FEE40021BB72 /* risk_start_button_bg@2x.png */,
				BF77E3F82005FEE40021BB72 /* vhl_answer_selected_0@2x.png */,
				BF77E3F92005FEE40021BB72 /* risk_start_top_info@2x.png */,
				BF77E3FC2005FEE40021BB72 /* risk_start_top_info@3x.png */,
				BF77E3FD2005FEE40021BB72 /* vhl_answer_selected_0@3x.png */,
				BF77E3FE2005FEE40021BB72 /* risk_start_button_bg@3x.png */,
			);
			path = Images;
			sourceTree = "<group>";
		};
		BF827FFE2003BF84003856C6 = {
			isa = PBXGroup;
			children = (
				BF8280092003BF84003856C6 /* VHLRiskEvaluation */,
				BF8280222003BF84003856C6 /* VHLRiskEvaluationTests */,
				BF82802D2003BF84003856C6 /* VHLRiskEvaluationUITests */,
				BF8280082003BF84003856C6 /* Products */,
			);
			sourceTree = "<group>";
		};
		BF8280082003BF84003856C6 /* Products */ = {
			isa = PBXGroup;
			children = (
				BF8280072003BF84003856C6 /* VHLRiskEvaluation.app */,
				BF82801F2003BF84003856C6 /* VHLRiskEvaluationTests.xctest */,
				BF82802A2003BF84003856C6 /* VHLRiskEvaluationUITests.xctest */,
			);
			name = Products;
			sourceTree = "<group>";
		};
		BF8280092003BF84003856C6 /* VHLRiskEvaluation */ = {
			isa = PBXGroup;
			children = (
				BF77E3DD2005B62E0021BB72 /* VHLNavigation */,
				BF82803C2003BFB7003856C6 /* VHLRiskEvaluation */,
				BF82800A2003BF84003856C6 /* AppDelegate.h */,
				BF82800B2003BF84003856C6 /* AppDelegate.m */,
				BF82800D2003BF84003856C6 /* ViewController.h */,
				BF82800E2003BF84003856C6 /* ViewController.m */,
				BF8280102003BF84003856C6 /* Main.storyboard */,
				BF8280132003BF84003856C6 /* Assets.xcassets */,
				BF8280152003BF84003856C6 /* LaunchScreen.storyboard */,
				BF8280182003BF84003856C6 /* Info.plist */,
				BF8280192003BF84003856C6 /* main.m */,
			);
			path = VHLRiskEvaluation;
			sourceTree = "<group>";
		};
		BF8280222003BF84003856C6 /* VHLRiskEvaluationTests */ = {
			isa = PBXGroup;
			children = (
				BF8280232003BF84003856C6 /* VHLRiskEvaluationTests.m */,
				BF8280252003BF84003856C6 /* Info.plist */,
			);
			path = VHLRiskEvaluationTests;
			sourceTree = "<group>";
		};
		BF82802D2003BF84003856C6 /* VHLRiskEvaluationUITests */ = {
			isa = PBXGroup;
			children = (
				BF82802E2003BF84003856C6 /* VHLRiskEvaluationUITests.m */,
				BF8280302003BF84003856C6 /* Info.plist */,
			);
			path = VHLRiskEvaluationUITests;
			sourceTree = "<group>";
		};
		BF82803C2003BFB7003856C6 /* VHLRiskEvaluation */ = {
			isa = PBXGroup;
			children = (
				BF5CB9D82004A2D2004FF2C1 /* Vender */,
				BF77E3F12005FEE40021BB72 /* Images */,
				BF82803D2003C005003856C6 /* Models */,
				BF77E3EA2005C0350021BB72 /* Cells */,
				BF5CB9D420049E1F004FF2C1 /* Views */,
				BF8280412003C123003856C6 /* VHLRiskEvaluationViewController.h */,
				BF8280422003C123003856C6 /* VHLRiskEvaluationViewController.m */,
				BF77E3EE2005FD780021BB72 /* VHLRiskEvaluationResultViewController.h */,
				BF77E3EF2005FD780021BB72 /* VHLRiskEvaluationResultViewController.m */,
			);
			path = VHLRiskEvaluation;
			sourceTree = "<group>";
		};
		BF82803D2003C005003856C6 /* Models */ = {
			isa = PBXGroup;
			children = (
				BF82803E2003C019003856C6 /* VHLRiskEvaluationModel.h */,
				BF82803F2003C019003856C6 /* VHLRiskEvaluationModel.m */,
			);
			path = Models;
			sourceTree = "<group>";
		};
/* End PBXGroup section */

/* Begin PBXNativeTarget section */
		BF8280062003BF84003856C6 /* VHLRiskEvaluation */ = {
			isa = PBXNativeTarget;
			buildConfigurationList = BF8280332003BF84003856C6 /* Build configuration list for PBXNativeTarget "VHLRiskEvaluation" */;
			buildPhases = (
				BF8280032003BF84003856C6 /* Sources */,
				BF8280042003BF84003856C6 /* Frameworks */,
				BF8280052003BF84003856C6 /* Resources */,
			);
			buildRules = (
			);
			dependencies = (
			);
			name = VHLRiskEvaluation;
			productName = VHLRiskEvaluation;
			productReference = BF8280072003BF84003856C6 /* VHLRiskEvaluation.app */;
			productType = "com.apple.product-type.application";
		};
		BF82801E2003BF84003856C6 /* VHLRiskEvaluationTests */ = {
			isa = PBXNativeTarget;
			buildConfigurationList = BF8280362003BF84003856C6 /* Build configuration list for PBXNativeTarget "VHLRiskEvaluationTests" */;
			buildPhases = (
				BF82801B2003BF84003856C6 /* Sources */,
				BF82801C2003BF84003856C6 /* Frameworks */,
				BF82801D2003BF84003856C6 /* Resources */,
			);
			buildRules = (
			);
			dependencies = (
				BF8280212003BF84003856C6 /* PBXTargetDependency */,
			);
			name = VHLRiskEvaluationTests;
			productName = VHLRiskEvaluationTests;
			productReference = BF82801F2003BF84003856C6 /* VHLRiskEvaluationTests.xctest */;
			productType = "com.apple.product-type.bundle.unit-test";
		};
		BF8280292003BF84003856C6 /* VHLRiskEvaluationUITests */ = {
			isa = PBXNativeTarget;
			buildConfigurationList = BF8280392003BF84003856C6 /* Build configuration list for PBXNativeTarget "VHLRiskEvaluationUITests" */;
			buildPhases = (
				BF8280262003BF84003856C6 /* Sources */,
				BF8280272003BF84003856C6 /* Frameworks */,
				BF8280282003BF84003856C6 /* Resources */,
			);
			buildRules = (
			);
			dependencies = (
				BF82802C2003BF84003856C6 /* PBXTargetDependency */,
			);
			name = VHLRiskEvaluationUITests;
			productName = VHLRiskEvaluationUITests;
			productReference = BF82802A2003BF84003856C6 /* VHLRiskEvaluationUITests.xctest */;
			productType = "com.apple.product-type.bundle.ui-testing";
		};
/* End PBXNativeTarget section */

/* Begin PBXProject section */
		BF827FFF2003BF84003856C6 /* Project object */ = {
			isa = PBXProject;
			attributes = {
				LastUpgradeCheck = 0920;
				ORGANIZATIONNAME = "Darnel Studio";
				TargetAttributes = {
					BF8280062003BF84003856C6 = {
						CreatedOnToolsVersion = 9.2;
						ProvisioningStyle = Automatic;
					};
					BF82801E2003BF84003856C6 = {
						CreatedOnToolsVersion = 9.2;
						ProvisioningStyle = Automatic;
						TestTargetID = BF8280062003BF84003856C6;
					};
					BF8280292003BF84003856C6 = {
						CreatedOnToolsVersion = 9.2;
						ProvisioningStyle = Automatic;
						TestTargetID = BF8280062003BF84003856C6;
					};
				};
			};
			buildConfigurationList = BF8280022003BF84003856C6 /* Build configuration list for PBXProject "VHLRiskEvaluation" */;
			compatibilityVersion = "Xcode 8.0";
			developmentRegion = en;
			hasScannedForEncodings = 0;
			knownRegions = (
				en,
				Base,
			);
			mainGroup = BF827FFE2003BF84003856C6;
			productRefGroup = BF8280082003BF84003856C6 /* Products */;
			projectDirPath = "";
			projectRoot = "";
			targets = (
				BF8280062003BF84003856C6 /* VHLRiskEvaluation */,
				BF82801E2003BF84003856C6 /* VHLRiskEvaluationTests */,
				BF8280292003BF84003856C6 /* VHLRiskEvaluationUITests */,
			);
		};
/* End PBXProject section */

/* Begin PBXResourcesBuildPhase section */
		BF8280052003BF84003856C6 /* Resources */ = {
			isa = PBXResourcesBuildPhase;
			buildActionMask = 2147483647;
			files = (
				BF77E40B2005FEE40021BB72 /* vhl_answer_selected_0@3x.png in Resources */,
				BF8280172003BF84003856C6 /* LaunchScreen.storyboard in Resources */,
				BF77E40C2005FEE40021BB72 /* risk_start_button_bg@3x.png in Resources */,
				BF77E4052005FEE40021BB72 /* risk_start_button_bg@2x.png in Resources */,
				BF77E40D2005FEE40021BB72 /* risk_result_top_1@2x.png in Resources */,
				BF77E4072005FEE40021BB72 /* risk_start_top_info@2x.png in Resources */,
				BF77E4012005FEE40021BB72 /* vhl_answer_selected_1@2x.png in Resources */,
				BF77E4082005FEE40021BB72 /* risk_result_top_3@2x.png in Resources */,
				BF8280142003BF84003856C6 /* Assets.xcassets in Resources */,
				BF77E4092005FEE40021BB72 /* risk_result_top_3@3x.png in Resources */,
				BF77E4022005FEE40021BB72 /* vhl_answer_selected_1@3x.png in Resources */,
				BF77E4062005FEE40021BB72 /* vhl_answer_selected_0@2x.png in Resources */,
				BF77E40A2005FEE40021BB72 /* risk_start_top_info@3x.png in Resources */,
				BF8280122003BF84003856C6 /* Main.storyboard in Resources */,
				BF77E4032005FEE40021BB72 /* risk_result_top_2@3x.png in Resources */,
				BF77E4002005FEE40021BB72 /* risk_result_top_2@2x.png in Resources */,
				BF77E4042005FEE40021BB72 /* risk_result_top_1@3x.png in Resources */,
			);
			runOnlyForDeploymentPostprocessing = 0;
		};
		BF82801D2003BF84003856C6 /* Resources */ = {
			isa = PBXResourcesBuildPhase;
			buildActionMask = 2147483647;
			files = (
			);
			runOnlyForDeploymentPostprocessing = 0;
		};
		BF8280282003BF84003856C6 /* Resources */ = {
			isa = PBXResourcesBuildPhase;
			buildActionMask = 2147483647;
			files = (
			);
			runOnlyForDeploymentPostprocessing = 0;
		};
/* End PBXResourcesBuildPhase section */

/* Begin PBXSourcesBuildPhase section */
		BF8280032003BF84003856C6 /* Sources */ = {
			isa = PBXSourcesBuildPhase;
			buildActionMask = 2147483647;
			files = (
				BF77E3D82005AAF30021BB72 /* VHLRiskEvaluationQuestionView.m in Sources */,
				BF82800F2003BF84003856C6 /* ViewController.m in Sources */,
				BF77E3E02005B62E0021BB72 /* VHLNavigation.m in Sources */,
				BF5CB9DB2004A2D2004FF2C1 /* UIView+VHLAdd.m in Sources */,
				BF82801A2003BF84003856C6 /* main.m in Sources */,
				BF77E3F02005FD780021BB72 /* VHLRiskEvaluationResultViewController.m in Sources */,
				BF5CB9D720049E3E004FF2C1 /* VHLRiskEvaluationTopStepView.m in Sources */,
				BF8280432003C123003856C6 /* VHLRiskEvaluationViewController.m in Sources */,
				BF82800C2003BF84003856C6 /* AppDelegate.m in Sources */,
				BF8280402003C019003856C6 /* VHLRiskEvaluationModel.m in Sources */,
				BF77E3ED2005C04E0021BB72 /* VHLRiskAnswerCell.m in Sources */,
			);
			runOnlyForDeploymentPostprocessing = 0;
		};
		BF82801B2003BF84003856C6 /* Sources */ = {
			isa = PBXSourcesBuildPhase;
			buildActionMask = 2147483647;
			files = (
				BF8280242003BF84003856C6 /* VHLRiskEvaluationTests.m in Sources */,
			);
			runOnlyForDeploymentPostprocessing = 0;
		};
		BF8280262003BF84003856C6 /* Sources */ = {
			isa = PBXSourcesBuildPhase;
			buildActionMask = 2147483647;
			files = (
				BF82802F2003BF84003856C6 /* VHLRiskEvaluationUITests.m in Sources */,
			);
			runOnlyForDeploymentPostprocessing = 0;
		};
/* End PBXSourcesBuildPhase section */

/* Begin PBXTargetDependency section */
		BF8280212003BF84003856C6 /* PBXTargetDependency */ = {
			isa = PBXTargetDependency;
			target = BF8280062003BF84003856C6 /* VHLRiskEvaluation */;
			targetProxy = BF8280202003BF84003856C6 /* PBXContainerItemProxy */;
		};
		BF82802C2003BF84003856C6 /* PBXTargetDependency */ = {
			isa = PBXTargetDependency;
			target = BF8280062003BF84003856C6 /* VHLRiskEvaluation */;
			targetProxy = BF82802B2003BF84003856C6 /* PBXContainerItemProxy */;
		};
/* End PBXTargetDependency section */

/* Begin PBXVariantGroup section */
		BF8280102003BF84003856C6 /* Main.storyboard */ = {
			isa = PBXVariantGroup;
			children = (
				BF8280112003BF84003856C6 /* Base */,
			);
			name = Main.storyboard;
			sourceTree = "<group>";
		};
		BF8280152003BF84003856C6 /* LaunchScreen.storyboard */ = {
			isa = PBXVariantGroup;
			children = (
				BF8280162003BF84003856C6 /* Base */,
			);
			name = LaunchScreen.storyboard;
			sourceTree = "<group>";
		};
/* End PBXVariantGroup section */

/* Begin XCBuildConfiguration section */
		BF8280312003BF84003856C6 /* Debug */ = {
			isa = XCBuildConfiguration;
			buildSettings = {
				ALWAYS_SEARCH_USER_PATHS = NO;
				CLANG_ANALYZER_NONNULL = YES;
				CLANG_ANALYZER_NUMBER_OBJECT_CONVERSION = YES_AGGRESSIVE;
				CLANG_CXX_LANGUAGE_STANDARD = "gnu++14";
				CLANG_CXX_LIBRARY = "libc++";
				CLANG_ENABLE_MODULES = YES;
				CLANG_ENABLE_OBJC_ARC = YES;
				CLANG_WARN_BLOCK_CAPTURE_AUTORELEASING = YES;
				CLANG_WARN_BOOL_CONVERSION = YES;
				CLANG_WARN_COMMA = YES;
				CLANG_WARN_CONSTANT_CONVERSION = YES;
				CLANG_WARN_DIRECT_OBJC_ISA_USAGE = YES_ERROR;
				CLANG_WARN_DOCUMENTATION_COMMENTS = YES;
				CLANG_WARN_EMPTY_BODY = YES;
				CLANG_WARN_ENUM_CONVERSION = YES;
				CLANG_WARN_INFINITE_RECURSION = YES;
				CLANG_WARN_INT_CONVERSION = YES;
				CLANG_WARN_NON_LITERAL_NULL_CONVERSION = YES;
				CLANG_WARN_OBJC_LITERAL_CONVERSION = YES;
				CLANG_WARN_OBJC_ROOT_CLASS = YES_ERROR;
				CLANG_WARN_RANGE_LOOP_ANALYSIS = YES;
				CLANG_WARN_STRICT_PROTOTYPES = YES;
				CLANG_WARN_SUSPICIOUS_MOVE = YES;
				CLANG_WARN_UNGUARDED_AVAILABILITY = YES_AGGRESSIVE;
				CLANG_WARN_UNREACHABLE_CODE = YES;
				CLANG_WARN__DUPLICATE_METHOD_MATCH = YES;
				CODE_SIGN_IDENTITY = "iPhone Developer";
				COPY_PHASE_STRIP = NO;
				DEBUG_INFORMATION_FORMAT = dwarf;
				ENABLE_STRICT_OBJC_MSGSEND = YES;
				ENABLE_TESTABILITY = YES;
				GCC_C_LANGUAGE_STANDARD = gnu11;
				GCC_DYNAMIC_NO_PIC = NO;
				GCC_NO_COMMON_BLOCKS = YES;
				GCC_OPTIMIZATION_LEVEL = 0;
				GCC_PREPROCESSOR_DEFINITIONS = (
					"DEBUG=1",
					"$(inherited)",
				);
				GCC_WARN_64_TO_32_BIT_CONVERSION = YES;
				GCC_WARN_ABOUT_RETURN_TYPE = YES_ERROR;
				GCC_WARN_UNDECLARED_SELECTOR = YES;
				GCC_WARN_UNINITIALIZED_AUTOS = YES_AGGRESSIVE;
				GCC_WARN_UNUSED_FUNCTION = YES;
				GCC_WARN_UNUSED_VARIABLE = YES;
				IPHONEOS_DEPLOYMENT_TARGET = 11.2;
				MTL_ENABLE_DEBUG_INFO = YES;
				ONLY_ACTIVE_ARCH = YES;
				SDKROOT = iphoneos;
			};
			name = Debug;
		};
		BF8280322003BF84003856C6 /* Release */ = {
			isa = XCBuildConfiguration;
			buildSettings = {
				ALWAYS_SEARCH_USER_PATHS = NO;
				CLANG_ANALYZER_NONNULL = YES;
				CLANG_ANALYZER_NUMBER_OBJECT_CONVERSION = YES_AGGRESSIVE;
				CLANG_CXX_LANGUAGE_STANDARD = "gnu++14";
				CLANG_CXX_LIBRARY = "libc++";
				CLANG_ENABLE_MODULES = YES;
				CLANG_ENABLE_OBJC_ARC = YES;
				CLANG_WARN_BLOCK_CAPTURE_AUTORELEASING = YES;
				CLANG_WARN_BOOL_CONVERSION = YES;
				CLANG_WARN_COMMA = YES;
				CLANG_WARN_CONSTANT_CONVERSION = YES;
				CLANG_WARN_DIRECT_OBJC_ISA_USAGE = YES_ERROR;
				CLANG_WARN_DOCUMENTATION_COMMENTS = YES;
				CLANG_WARN_EMPTY_BODY = YES;
				CLANG_WARN_ENUM_CONVERSION = YES;
				CLANG_WARN_INFINITE_RECURSION = YES;
				CLANG_WARN_INT_CONVERSION = YES;
				CLANG_WARN_NON_LITERAL_NULL_CONVERSION = YES;
				CLANG_WARN_OBJC_LITERAL_CONVERSION = YES;
				CLANG_WARN_OBJC_ROOT_CLASS = YES_ERROR;
				CLANG_WARN_RANGE_LOOP_ANALYSIS = YES;
				CLANG_WARN_STRICT_PROTOTYPES = YES;
				CLANG_WARN_SUSPICIOUS_MOVE = YES;
				CLANG_WARN_UNGUARDED_AVAILABILITY = YES_AGGRESSIVE;
				CLANG_WARN_UNREACHABLE_CODE = YES;
				CLANG_WARN__DUPLICATE_METHOD_MATCH = YES;
				CODE_SIGN_IDENTITY = "iPhone Developer";
				COPY_PHASE_STRIP = NO;
				DEBUG_INFORMATION_FORMAT = "dwarf-with-dsym";
				ENABLE_NS_ASSERTIONS = NO;
				ENABLE_STRICT_OBJC_MSGSEND = YES;
				GCC_C_LANGUAGE_STANDARD = gnu11;
				GCC_NO_COMMON_BLOCKS = YES;
				GCC_WARN_64_TO_32_BIT_CONVERSION = YES;
				GCC_WARN_ABOUT_RETURN_TYPE = YES_ERROR;
				GCC_WARN_UNDECLARED_SELECTOR = YES;
				GCC_WARN_UNINITIALIZED_AUTOS = YES_AGGRESSIVE;
				GCC_WARN_UNUSED_FUNCTION = YES;
				GCC_WARN_UNUSED_VARIABLE = YES;
				IPHONEOS_DEPLOYMENT_TARGET = 11.2;
				MTL_ENABLE_DEBUG_INFO = NO;
				SDKROOT = iphoneos;
				VALIDATE_PRODUCT = YES;
			};
			name = Release;
		};
		BF8280342003BF84003856C6 /* Debug */ = {
			isa = XCBuildConfiguration;
			buildSettings = {
				ASSETCATALOG_COMPILER_APPICON_NAME = AppIcon;
				CODE_SIGN_STYLE = Automatic;
				DEVELOPMENT_TEAM = WYG5F947FP;
				INFOPLIST_FILE = VHLRiskEvaluation/Info.plist;
				IPHONEOS_DEPLOYMENT_TARGET = 8.0;
				LD_RUNPATH_SEARCH_PATHS = "$(inherited) @executable_path/Frameworks";
				PRODUCT_BUNDLE_IDENTIFIER = cn.vincents.VHLRiskEvaluation;
				PRODUCT_NAME = "$(TARGET_NAME)";
				TARGETED_DEVICE_FAMILY = "1,2";
			};
			name = Debug;
		};
		BF8280352003BF84003856C6 /* Release */ = {
			isa = XCBuildConfiguration;
			buildSettings = {
				ASSETCATALOG_COMPILER_APPICON_NAME = AppIcon;
				CODE_SIGN_STYLE = Automatic;
				DEVELOPMENT_TEAM = WYG5F947FP;
				INFOPLIST_FILE = VHLRiskEvaluation/Info.plist;
				IPHONEOS_DEPLOYMENT_TARGET = 8.0;
				LD_RUNPATH_SEARCH_PATHS = "$(inherited) @executable_path/Frameworks";
				PRODUCT_BUNDLE_IDENTIFIER = cn.vincents.VHLRiskEvaluation;
				PRODUCT_NAME = "$(TARGET_NAME)";
				TARGETED_DEVICE_FAMILY = "1,2";
			};
			name = Release;
		};
		BF8280372003BF84003856C6 /* Debug */ = {
			isa = XCBuildConfiguration;
			buildSettings = {
				BUNDLE_LOADER = "$(TEST_HOST)";
				CODE_SIGN_STYLE = Automatic;
				DEVELOPMENT_TEAM = WYG5F947FP;
				INFOPLIST_FILE = VHLRiskEvaluationTests/Info.plist;
				LD_RUNPATH_SEARCH_PATHS = "$(inherited) @executable_path/Frameworks @loader_path/Frameworks";
				PRODUCT_BUNDLE_IDENTIFIER = cn.vincents.VHLRiskEvaluationTests;
				PRODUCT_NAME = "$(TARGET_NAME)";
				TARGETED_DEVICE_FAMILY = "1,2";
				TEST_HOST = "$(BUILT_PRODUCTS_DIR)/VHLRiskEvaluation.app/VHLRiskEvaluation";
			};
			name = Debug;
		};
		BF8280382003BF84003856C6 /* Release */ = {
			isa = XCBuildConfiguration;
			buildSettings = {
				BUNDLE_LOADER = "$(TEST_HOST)";
				CODE_SIGN_STYLE = Automatic;
				DEVELOPMENT_TEAM = WYG5F947FP;
				INFOPLIST_FILE = VHLRiskEvaluationTests/Info.plist;
				LD_RUNPATH_SEARCH_PATHS = "$(inherited) @executable_path/Frameworks @loader_path/Frameworks";
				PRODUCT_BUNDLE_IDENTIFIER = cn.vincents.VHLRiskEvaluationTests;
				PRODUCT_NAME = "$(TARGET_NAME)";
				TARGETED_DEVICE_FAMILY = "1,2";
				TEST_HOST = "$(BUILT_PRODUCTS_DIR)/VHLRiskEvaluation.app/VHLRiskEvaluation";
			};
			name = Release;
		};
		BF82803A2003BF84003856C6 /* Debug */ = {
			isa = XCBuildConfiguration;
			buildSettings = {
				CODE_SIGN_STYLE = Automatic;
				DEVELOPMENT_TEAM = WYG5F947FP;
				INFOPLIST_FILE = VHLRiskEvaluationUITests/Info.plist;
				LD_RUNPATH_SEARCH_PATHS = "$(inherited) @executable_path/Frameworks @loader_path/Frameworks";
				PRODUCT_BUNDLE_IDENTIFIER = cn.vincents.VHLRiskEvaluationUITests;
				PRODUCT_NAME = "$(TARGET_NAME)";
				TARGETED_DEVICE_FAMILY = "1,2";
				TEST_TARGET_NAME = VHLRiskEvaluation;
			};
			name = Debug;
		};
		BF82803B2003BF84003856C6 /* Release */ = {
			isa = XCBuildConfiguration;
			buildSettings = {
				CODE_SIGN_STYLE = Automatic;
				DEVELOPMENT_TEAM = WYG5F947FP;
				INFOPLIST_FILE = VHLRiskEvaluationUITests/Info.plist;
				LD_RUNPATH_SEARCH_PATHS = "$(inherited) @executable_path/Frameworks @loader_path/Frameworks";
				PRODUCT_BUNDLE_IDENTIFIER = cn.vincents.VHLRiskEvaluationUITests;
				PRODUCT_NAME = "$(TARGET_NAME)";
				TARGETED_DEVICE_FAMILY = "1,2";
				TEST_TARGET_NAME = VHLRiskEvaluation;
			};
			name = Release;
		};
/* End XCBuildConfiguration section */

/* Begin XCConfigurationList section */
		BF8280022003BF84003856C6 /* Build configuration list for PBXProject "VHLRiskEvaluation" */ = {
			isa = XCConfigurationList;
			buildConfigurations = (
				BF8280312003BF84003856C6 /* Debug */,
				BF8280322003BF84003856C6 /* Release */,
			);
			defaultConfigurationIsVisible = 0;
			defaultConfigurationName = Release;
		};
		BF8280332003BF84003856C6 /* Build configuration list for PBXNativeTarget "VHLRiskEvaluation" */ = {
			isa = XCConfigurationList;
			buildConfigurations = (
				BF8280342003BF84003856C6 /* Debug */,
				BF8280352003BF84003856C6 /* Release */,
			);
			defaultConfigurationIsVisible = 0;
			defaultConfigurationName = Release;
		};
		BF8280362003BF84003856C6 /* Build configuration list for PBXNativeTarget "VHLRiskEvaluationTests" */ = {
			isa = XCConfigurationList;
			buildConfigurations = (
				BF8280372003BF84003856C6 /* Debug */,
				BF8280382003BF84003856C6 /* Release */,
			);
			defaultConfigurationIsVisible = 0;
			defaultConfigurationName = Release;
		};
		BF8280392003BF84003856C6 /* Build configuration list for PBXNativeTarget "VHLRiskEvaluationUITests" */ = {
			isa = XCConfigurationList;
			buildConfigurations = (
				BF82803A2003BF84003856C6 /* Debug */,
				BF82803B2003BF84003856C6 /* Release */,
			);
			defaultConfigurationIsVisible = 0;
			defaultConfigurationName = Release;
		};
/* End XCConfigurationList section */
	};
	rootObject = BF827FFF2003BF84003856C6 /* Project object */;
}
